<?xml version="1.0" encoding="utf-8"?>
<Project ToolsVersion="4.0" xmlns="http://schemas.microsoft.com/developer/msbuild/2003">
  <ItemGroup>
    <Filter Include="Source Files">
      <UniqueIdentifier>{4FC737F1-C7A5-4376-A066-2A32D752A2FF}</UniqueIdentifier>
      <Extensions>cpp;c;cc;cxx;def;odl;idl;hpj;bat;asm;asmx</Extensions>
    </Filter>
    <Filter Include="Configuration Files">
      <UniqueIdentifier>{b5a31b7f-40d4-41f5-a2d7-1eabe13123de}</UniqueIdentifier>
    </Filter>
    <Filter Include="FreeRTOS">
      <UniqueIdentifier>{995169b4-afee-47ae-8510-0f0c065ed40f}</UniqueIdentifier>
    </Filter>
    <Filter Include="FreeRTOS\Source">
      <UniqueIdentifier>{c79ffdec-4555-49a9-9b08-32da91279a30}</UniqueIdentifier>
    </Filter>
  </ItemGroup>
  <ItemGroup>
    <ClInclude Include="FreeRTOSConfig.h">
      <Filter>Configuration Files</Filter>
    </ClInclude>
    <ClInclude Include="FreeRTOS\Source\atomic.h">
      <Filter>FreeRTOS\Source</Filter>
    </ClInclude>
    <ClInclude Include="FreeRTOS\Source\croutine.h">
      <Filter>FreeRTOS\Source</Filter>
    </ClInclude>
    <ClInclude Include="FreeRTOS\Source\deprecated_definitions.h">
      <Filter>FreeRTOS\Source</Filter>
    </ClInclude>
    <ClInclude Include="FreeRTOS\Source\event_groups.h">
      <Filter>FreeRTOS\Source</Filter>
    </ClInclude>
    <ClInclude Include="FreeRTOS\Source\FreeRTOS.h">
      <Filter>FreeRTOS\Source</Filter>
    </ClInclude>
    <ClInclude Include="FreeRTOS\Source\FreeRTOSConfig.h">
      <Filter>FreeRTOS\Source</Filter>
    </ClInclude>
    <ClInclude Include="FreeRTOS\Source\list.h">
      <Filter>FreeRTOS\Source</Filter>
    </ClInclude>
    <ClInclude Include="FreeRTOS\Source\message_buffer.h">
      <Filter>FreeRTOS\Source</Filter>
    </ClInclude>
    <ClInclude Include="FreeRTOS\Source\mpu_prototypes.h">
      <Filter>FreeRTOS\Source</Filter>
    </ClInclude>
    <ClInclude Include="FreeRTOS\Source\mpu_wrappers.h">
      <Filter>FreeRTOS\Source</Filter>
    </ClInclude>
    <ClInclude Include="FreeRTOS\Source\portable.h">
      <Filter>FreeRTOS\Source</Filter>
    </ClInclude>
    <ClInclude Include="FreeRTOS\Source\portmacro.h">
      <Filter>FreeRTOS\Source</Filter>
    </ClInclude>
    <ClInclude Include="FreeRTOS\Source\projdefs.h">
      <Filter>FreeRTOS\Source</Filter>
    </ClInclude>
    <ClInclude Include="FreeRTOS\Source\queue.h">
      <Filter>FreeRTOS\Source</Filter>
    </ClInclude>
    <ClInclude Include="FreeRTOS\Source\semphr.h">
      <Filter>FreeRTOS\Source</Filter>
    </ClInclude>
    <ClInclude Include="FreeRTOS\Source\stack_macros.h">
      <Filter>FreeRTOS\Source</Filter>
    </ClInclude>
    <ClInclude Include="FreeRTOS\Source\StackMacros.h">
      <Filter>FreeRTOS\Source</Filter>
    </ClInclude>
    <ClInclude Include="FreeRTOS\Source\stream_buffer.h">
      <Filter>FreeRTOS\Source</Filter>
    </ClInclude>
    <ClInclude Include="FreeRTOS\Source\task.h">
      <Filter>FreeRTOS\Source</Filter>
    </ClInclude>
    <ClInclude Include="FreeRTOS\Source\timers.h">
      <Filter>FreeRTOS\Source</Filter>
    </ClInclude>
  </ItemGroup>
  <ItemGroup>
    <ClCompile Include="FreeRTOS\Source\croutine.c">
      <Filter>FreeRTOS\Source</Filter>
    </ClCompile>
    <ClCompile Include="FreeRTOS\Source\event_groups.c">
      <Filter>FreeRTOS\Source</Filter>
    </ClCompile>
    <ClCompile Include="FreeRTOS\Source\heap_4.c">
      <Filter>FreeRTOS\Source</Filter>
    </ClCompile>
    <ClCompile Include="FreeRTOS\Source\list.c">
      <Filter>FreeRTOS\Source</Filter>
    </ClCompile>
    <ClCompile Include="FreeRTOS\Source\port.c">
      <Filter>FreeRTOS\Source</Filter>
    </ClCompile>
    <ClCompile Include="FreeRTOS\Source\queue.c">
      <Filter>FreeRTOS\Source</Filter>
    </ClCompile>
    <ClCompile Include="FreeRTOS\Source\stream_buffer.c">
      <Filter>FreeRTOS\Source</Filter>
    </ClCompile>
    <ClCompile Include="FreeRTOS\Source\tasks.c">
      <Filter>FreeRTOS\Source</Filter>
    </ClCompile>
    <ClCompile Include="FreeRTOS\Source\timers.c">
      <Filter>FreeRTOS\Source</Filter>
    </ClCompile>
    <ClCompile Include="main.c">
      <Filter>Source Files</Filter>
    </ClCompile>
  </ItemGroup>
  <ItemGroup>
    <None Include="FreeRTOS\Source\stdint.readme" />
  </ItemGroup>
</Project>